
Microsoft Visual Studio Solution File, Format Version 12.00
# Visual Studio 15
VisualStudioVersion = 15.0.26403.3
MinimumVisualStudioVersion = 10.0.40219.1
Project("{2150E333-8FDC-42A3-9474-1A3956D46DE8}") = ".paket", ".paket", "{608F83F2-4709-4D1F-8A40-9145E62DB6A7}"
	ProjectSection(SolutionItems) = preProject
		paket.dependencies = paket.dependencies
	EndProjectSection
EndProject
Project("{F2A71F9B-5D33-465A-A702-920D77279786}") = "HexagonWebServer", "Hexagon\HexagonWebServer.fsproj", "{ED5D6E86-4AC8-460D-93D5-DAFA3050981F}"
EndProject
Project("{F2A71F9B-5D33-465A-A702-920D77279786}") = "Hexagon.Tests", "Hexagon.Tests\Hexagon.Tests.fsproj", "{F774B9B9-B9E2-4F1D-9698-7CA168C282CD}"
EndProject
Project("{F2A71F9B-5D33-465A-A702-920D77279786}") = "HexagonLib", "HexagonLib\HexagonLib.fsproj", "{54C1D653-0603-43BA-8F97-CCB8295CE5FF}"
EndProject
Project("{2150E333-8FDC-42A3-9474-1A3956D46DE8}") = "www", "www", "{E0B36D0A-7B7F-4A54-AA4C-5366ECBB8F4D}"
	ProjectSection(SolutionItems) = preProject
		www\index.html = www\index.html
		www\index.offline.js = www\index.offline.js
		www\main.css = www\main.css
	EndProjectSection
EndProject
Project("{2150E333-8FDC-42A3-9474-1A3956D46DE8}") = "Start", "Start", "{2D74480D-5B57-43C4-9559-C8E3CB858C89}"
	ProjectSection(SolutionItems) = preProject
		.gitignore = .gitignore
		fableconfig.json = fableconfig.json
		LICENSE = LICENSE
		package.json = package.json
		README = README
		start.bat = start.bat
		webpack.config.js = webpack.config.js
	EndProjectSection
EndProject
Project("{F2A71F9B-5D33-465A-A702-920D77279786}") = "HexagonRestApi", "HexagonRestApi\HexagonRestApi.fsproj", "{38E14007-2858-427F-831C-1A8DF499E31D}"
EndProject
Project("{F2A71F9B-5D33-465A-A702-920D77279786}") = "HexagonRestApi.Tests", "HexagonRestApi.Tests\HexagonRestApi.Tests.fsproj", "{8E255E98-9A57-43A3-9447-E4F60A1F42E8}"
EndProject
Global
	GlobalSection(SolutionConfigurationPlatforms) = preSolution
		Debug|Any CPU = Debug|Any CPU
		Release|Any CPU = Release|Any CPU
	EndGlobalSection
	GlobalSection(ProjectConfigurationPlatforms) = postSolution
		{ED5D6E86-4AC8-460D-93D5-DAFA3050981F}.Debug|Any CPU.ActiveCfg = Debug|Any CPU
		{ED5D6E86-4AC8-460D-93D5-DAFA3050981F}.Debug|Any CPU.Build.0 = Debug|Any CPU
		{ED5D6E86-4AC8-460D-93D5-DAFA3050981F}.Release|Any CPU.ActiveCfg = Release|Any CPU
		{ED5D6E86-4AC8-460D-93D5-DAFA3050981F}.Release|Any CPU.Build.0 = Release|Any CPU
		{F774B9B9-B9E2-4F1D-9698-7CA168C282CD}.Debug|Any CPU.ActiveCfg = Debug|Any CPU
		{F774B9B9-B9E2-4F1D-9698-7CA168C282CD}.Debug|Any CPU.Build.0 = Debug|Any CPU
		{F774B9B9-B9E2-4F1D-9698-7CA168C282CD}.Release|Any CPU.ActiveCfg = Release|Any CPU
		{F774B9B9-B9E2-4F1D-9698-7CA168C282CD}.Release|Any CPU.Build.0 = Release|Any CPU
		{54C1D653-0603-43BA-8F97-CCB8295CE5FF}.Debug|Any CPU.ActiveCfg = Debug|Any CPU
		{54C1D653-0603-43BA-8F97-CCB8295CE5FF}.Debug|Any CPU.Build.0 = Debug|Any CPU
		{54C1D653-0603-43BA-8F97-CCB8295CE5FF}.Release|Any CPU.ActiveCfg = Release|Any CPU
		{54C1D653-0603-43BA-8F97-CCB8295CE5FF}.Release|Any CPU.Build.0 = Release|Any CPU
		{38E14007-2858-427F-831C-1A8DF499E31D}.Debug|Any CPU.ActiveCfg = Debug|Any CPU
		{38E14007-2858-427F-831C-1A8DF499E31D}.Debug|Any CPU.Build.0 = Debug|Any CPU
		{38E14007-2858-427F-831C-1A8DF499E31D}.Release|Any CPU.ActiveCfg = Release|Any CPU
		{38E14007-2858-427F-831C-1A8DF499E31D}.Release|Any CPU.Build.0 = Release|Any CPU
		{8E255E98-9A57-43A3-9447-E4F60A1F42E8}.Debug|Any CPU.ActiveCfg = Debug|Any CPU
		{8E255E98-9A57-43A3-9447-E4F60A1F42E8}.Debug|Any CPU.Build.0 = Debug|Any CPU
		{8E255E98-9A57-43A3-9447-E4F60A1F42E8}.Release|Any CPU.ActiveCfg = Release|Any CPU
		{8E255E98-9A57-43A3-9447-E4F60A1F42E8}.Release|Any CPU.Build.0 = Release|Any CPU
	EndGlobalSection
	GlobalSection(SolutionProperties) = preSolution
		HideSolutionNode = FALSE
	EndGlobalSection
EndGlobal
